
Microsoft Visual Studio Solution File, Format Version 12.00
# Visual Studio Version 16
VisualStudioVersion = 16.0.30621.155
MinimumVisualStudioVersion = 10.0.40219.1
Project("{FAE04EC0-301F-11D3-BF4B-00C04F79EFBC}") = "Project_WInForm", "Project_WInForm\Project_WInForm.csproj", "{FF5FB345-D2A4-40A5-92F6-EFADD5A02FCA}"
EndProject
Project("{FAE04EC0-301F-11D3-BF4B-00C04F79EFBC}") = "DTO", "DTO\DTO.csproj", "{4B9E9837-4355-4B7C-819B-2E57443E822A}"
EndProject
Project("{FAE04EC0-301F-11D3-BF4B-00C04F79EFBC}") = "DAL", "DAL\DAL.csproj", "{9F865A7F-D7DD-4337-9FCA-E9C75F0B7C30}"
EndProject
Project("{FAE04EC0-301F-11D3-BF4B-00C04F79EFBC}") = "BAL", "BAL\BAL.csproj", "{FE29BB75-DC78-43E1-B141-F9709237B5C4}"
EndProject
Global
	GlobalSection(SolutionConfigurationPlatforms) = preSolution
		Debug|Any CPU = Debug|Any CPU
		Release|Any CPU = Release|Any CPU
	EndGlobalSection
	GlobalSection(ProjectConfigurationPlatforms) = postSolution
		{FF5FB345-D2A4-40A5-92F6-EFADD5A02FCA}.Debug|Any CPU.ActiveCfg = Debug|Any CPU
		{FF5FB345-D2A4-40A5-92F6-EFADD5A02FCA}.Debug|Any CPU.Build.0 = Debug|Any CPU
		{FF5FB345-D2A4-40A5-92F6-EFADD5A02FCA}.Release|Any CPU.ActiveCfg = Release|Any CPU
		{FF5FB345-D2A4-40A5-92F6-EFADD5A02FCA}.Release|Any CPU.Build.0 = Release|Any CPU
		{4B9E9837-4355-4B7C-819B-2E57443E822A}.Debug|Any CPU.ActiveCfg = Debug|Any CPU
		{4B9E9837-4355-4B7C-819B-2E57443E822A}.Debug|Any CPU.Build.0 = Debug|Any CPU
		{4B9E9837-4355-4B7C-819B-2E57443E822A}.Release|Any CPU.ActiveCfg = Release|Any CPU
		{4B9E9837-4355-4B7C-819B-2E57443E822A}.Release|Any CPU.Build.0 = Release|Any CPU
		{9F865A7F-D7DD-4337-9FCA-E9C75F0B7C30}.Debug|Any CPU.ActiveCfg = Debug|Any CPU
		{9F865A7F-D7DD-4337-9FCA-E9C75F0B7C30}.Debug|Any CPU.Build.0 = Debug|Any CPU
		{9F865A7F-D7DD-4337-9FCA-E9C75F0B7C30}.Release|Any CPU.ActiveCfg = Release|Any CPU
		{9F865A7F-D7DD-4337-9FCA-E9C75F0B7C30}.Release|Any CPU.Build.0 = Release|Any CPU
		{FE29BB75-DC78-43E1-B141-F9709237B5C4}.Debug|Any CPU.ActiveCfg = Debug|Any CPU
		{FE29BB75-DC78-43E1-B141-F9709237B5C4}.Debug|Any CPU.Build.0 = Debug|Any CPU
		{FE29BB75-DC78-43E1-B141-F9709237B5C4}.Release|Any CPU.ActiveCfg = Release|Any CPU
		{FE29BB75-DC78-43E1-B141-F9709237B5C4}.Release|Any CPU.Build.0 = Release|Any CPU
	EndGlobalSection
	GlobalSection(SolutionProperties) = preSolution
		HideSolutionNode = FALSE
	EndGlobalSection
	GlobalSection(ExtensibilityGlobals) = postSolution
		SolutionGuid = {5CCB6309-4452-43E2-8596-F439092AEA83}
	EndGlobalSection
EndGlobal
